{
  "name": "featchain-transactions",
  "version": "1.0.0",
  "lockfileVersion": 1,
  "requires": true,
  "dependencies": {
    "@liskhq/bignum": {
      "version": "1.3.1",
      "resolved": "https://registry.npmjs.org/@liskhq/bignum/-/bignum-1.3.1.tgz",
      "integrity": "sha512-q9+NvqbpmXOqpPmV8Y+XSEIUJFMZDGyfW6rkN9Ej3nzPb/qurY/Ic2UPTeTTaj8+q/bcw5JUwTb86hi7PIziDg==",
      "dev": true,
      "requires": {
        "@types/node": "11.11.2"
      }
    },
    "@liskhq/lisk-cryptography": {
      "version": "2.4.2",
      "resolved": "https://registry.npmjs.org/@liskhq/lisk-cryptography/-/lisk-cryptography-2.4.2.tgz",
      "integrity": "sha512-y3T/Jg/OvSIhieqY7NKpmnkajpbz+JSxWUx6DyebW/jAXZAUVDoh5n64NPNe78op5TXsMIwqPFao6GE+D3MKsA==",
      "dev": true,
      "requires": {
        "@liskhq/bignum": "1.3.1",
        "@types/ed2curve": "0.2.2",
        "@types/node": "12.12.11",
        "buffer-reverse": "1.0.1",
        "ed2curve": "0.2.1",
        "sodium-native": "2.4.6",
        "tweetnacl": "1.0.1",
        "varuint-bitcoin": "1.1.0"
      },
      "dependencies": {
        "@types/node": {
          "version": "12.12.11",
          "resolved": "https://registry.npmjs.org/@types/node/-/node-12.12.11.tgz",
          "integrity": "sha512-O+x6uIpa6oMNTkPuHDa9MhMMehlxLAd5QcOvKRjAFsBVpeFWTOPnXbDvILvFgFFZfQ1xh1EZi1FbXxUix+zpsQ==",
          "dev": true
        }
      }
    },
    "@liskhq/lisk-transactions": {
      "version": "3.0.2",
      "resolved": "https://registry.npmjs.org/@liskhq/lisk-transactions/-/lisk-transactions-3.0.2.tgz",
      "integrity": "sha512-CKidjLsrg6xf3AhcrwyGowlaEDzlTMBSr6f1L5o6ARhUtNfgMRzF7q1/Odq/R1fVkgNSL72S5PaGHGUOX82lrg==",
      "dev": true,
      "requires": {
        "@liskhq/bignum": "1.3.1",
        "@liskhq/lisk-cryptography": "2.4.2",
        "@liskhq/lisk-validator": "0.3.1",
        "ajv": "6.8.1",
        "ajv-merge-patch": "4.1.0"
      }
    },
    "@liskhq/lisk-validator": {
      "version": "0.3.1",
      "resolved": "https://registry.npmjs.org/@liskhq/lisk-validator/-/lisk-validator-0.3.1.tgz",
      "integrity": "sha512-Mv6AFQioYPOpiTrJ3pyKfP+5J/FYMqDnP8HAh9KSTcxvkTh1B7myGZi1WJJrnPqzs/xE7YnCVwaz8JPP7rHWzA==",
      "dev": true,
      "requires": {
        "@liskhq/bignum": "1.3.1",
        "@liskhq/lisk-cryptography": "2.4.2",
        "@types/node": "12.12.11",
        "@types/semver": "5.5.0",
        "@types/validator": "10.9.0",
        "ajv": "6.9.2",
        "semver": "5.6.0",
        "validator": "10.11.0"
      },
      "dependencies": {
        "@types/node": {
          "version": "12.12.11",
          "resolved": "https://registry.npmjs.org/@types/node/-/node-12.12.11.tgz",
          "integrity": "sha512-O+x6uIpa6oMNTkPuHDa9MhMMehlxLAd5QcOvKRjAFsBVpeFWTOPnXbDvILvFgFFZfQ1xh1EZi1FbXxUix+zpsQ==",
          "dev": true
        },
        "ajv": {
          "version": "6.9.2",
          "resolved": "https://registry.npmjs.org/ajv/-/ajv-6.9.2.tgz",
          "integrity": "sha512-4UFy0/LgDo7Oa/+wOAlj44tp9K78u38E5/359eSrqEp1Z5PdVfimCcs7SluXMP755RUQu6d2b4AvF0R1C9RZjg==",
          "dev": true,
          "requires": {
            "fast-deep-equal": "^2.0.1",
            "fast-json-stable-stringify": "^2.0.0",
            "json-schema-traverse": "^0.4.1",
            "uri-js": "^4.2.2"
          }
        }
      }
    },
    "@types/ed2curve": {
      "version": "0.2.2",
      "resolved": "https://registry.npmjs.org/@types/ed2curve/-/ed2curve-0.2.2.tgz",
      "integrity": "sha512-G1sTX5xo91ydevQPINbL2nfgVAj/s1ZiqZxC8OCWduwu+edoNGUm5JXtTkg9F3LsBZbRI46/0HES4CPUE2wc9g==",
      "dev": true,
      "requires": {
        "tweetnacl": "^1.0.0"
      }
    },
    "@types/node": {
      "version": "11.11.2",
      "resolved": "https://registry.npmjs.org/@types/node/-/node-11.11.2.tgz",
      "integrity": "sha512-iEaHiDNkHv4Jrm9O5T37OYEUwjJesiyt6ZlhLFK0sbo4CLD0jyCOB4Pc2F9iD3MbW2397SLNxZKdDGntGaBjQQ==",
      "dev": true
    },
    "@types/semver": {
      "version": "5.5.0",
      "resolved": "https://registry.npmjs.org/@types/semver/-/semver-5.5.0.tgz",
      "integrity": "sha512-41qEJgBH/TWgo5NFSvBCJ1qkoi3Q6ONSF2avrHq1LVEZfYpdHmj0y9SuTK+u9ZhG1sYQKBL1AWXKyLWP4RaUoQ==",
      "dev": true
    },
    "@types/validator": {
      "version": "10.9.0",
      "resolved": "https://registry.npmjs.org/@types/validator/-/validator-10.9.0.tgz",
      "integrity": "sha512-mf0VpXk+NoTmkUmuJCsdwBYxjYZW41amCSzd4t/fABMKl+qGMViwFP0pR7ukFdZRXWI1LIkca3VIbXVBmWZ4kQ==",
      "dev": true
    },
    "ajv": {
      "version": "6.8.1",
      "resolved": "https://registry.npmjs.org/ajv/-/ajv-6.8.1.tgz",
      "integrity": "sha512-eqxCp82P+JfqL683wwsL73XmFs1eG6qjw+RD3YHx+Jll1r0jNd4dh8QG9NYAeNGA/hnZjeEDgtTskgJULbxpWQ==",
      "dev": true,
      "requires": {
        "fast-deep-equal": "^2.0.1",
        "fast-json-stable-stringify": "^2.0.0",
        "json-schema-traverse": "^0.4.1",
        "uri-js": "^4.2.2"
      }
    },
    "ajv-merge-patch": {
      "version": "4.1.0",
      "resolved": "https://registry.npmjs.org/ajv-merge-patch/-/ajv-merge-patch-4.1.0.tgz",
      "integrity": "sha512-0mAYXMSauA8RZ7r+B4+EAOYcZEcO9OK5EiQCR7W7Cv4E44pJj56ZnkKLJ9/PAcOc0dT+LlV9fdDcq2TxVJfOYw==",
      "dev": true,
      "requires": {
        "fast-json-patch": "^2.0.6",
        "json-merge-patch": "^0.2.3"
      }
    },
    "buffer-reverse": {
      "version": "1.0.1",
      "resolved": "https://registry.npmjs.org/buffer-reverse/-/buffer-reverse-1.0.1.tgz",
      "integrity": "sha1-SSg8jvpvkBvAH6MwTQYCeXGuL2A=",
      "dev": true
    },
    "deep-equal": {
      "version": "1.1.1",
      "resolved": "https://registry.npmjs.org/deep-equal/-/deep-equal-1.1.1.tgz",
      "integrity": "sha512-yd9c5AdiqVcR+JjcwUQb9DkhJc8ngNr0MahEBGvDiJw8puWab2yZlh+nkasOnZP+EGTAP6rRp2JzJhJZzvNF8g==",
      "dev": true,
      "requires": {
        "is-arguments": "^1.0.4",
        "is-date-object": "^1.0.1",
        "is-regex": "^1.0.4",
        "object-is": "^1.0.1",
        "object-keys": "^1.1.1",
        "regexp.prototype.flags": "^1.2.0"
      }
    },
    "define-properties": {
      "version": "1.1.3",
      "resolved": "https://registry.npmjs.org/define-properties/-/define-properties-1.1.3.tgz",
      "integrity": "sha512-3MqfYKj2lLzdMSf8ZIZE/V+Zuy+BgD6f164e8K2w7dgnpKArBDerGYpM46IYYcjnkdPNMjPk9A6VFB8+3SKlXQ==",
      "dev": true,
      "requires": {
        "object-keys": "^1.0.12"
      }
    },
    "ed2curve": {
      "version": "0.2.1",
      "resolved": "https://registry.npmjs.org/ed2curve/-/ed2curve-0.2.1.tgz",
      "integrity": "sha1-Iuaqo1aePE2/Tu+ilhLsMp5YGQw=",
      "dev": true,
      "requires": {
        "tweetnacl": "0.x.x"
      },
      "dependencies": {
        "tweetnacl": {
          "version": "0.14.5",
          "resolved": "https://registry.npmjs.org/tweetnacl/-/tweetnacl-0.14.5.tgz",
          "integrity": "sha1-WuaBd/GS1EViadEIr6k/+HQ/T2Q=",
          "dev": true
        }
      }
    },
    "es-abstract": {
      "version": "1.17.5",
      "resolved": "https://registry.npmjs.org/es-abstract/-/es-abstract-1.17.5.tgz",
      "integrity": "sha512-BR9auzDbySxOcfog0tLECW8l28eRGpDpU3Dm3Hp4q/N+VtLTmyj4EUN088XZWQDW/hzj6sYRDXeOFsaAODKvpg==",
      "dev": true,
      "requires": {
        "es-to-primitive": "^1.2.1",
        "function-bind": "^1.1.1",
        "has": "^1.0.3",
        "has-symbols": "^1.0.1",
        "is-callable": "^1.1.5",
        "is-regex": "^1.0.5",
        "object-inspect": "^1.7.0",
        "object-keys": "^1.1.1",
        "object.assign": "^4.1.0",
        "string.prototype.trimleft": "^2.1.1",
        "string.prototype.trimright": "^2.1.1"
      }
    },
    "es-to-primitive": {
      "version": "1.2.1",
      "resolved": "https://registry.npmjs.org/es-to-primitive/-/es-to-primitive-1.2.1.tgz",
      "integrity": "sha512-QCOllgZJtaUo9miYBcLChTUaHNjJF3PYs1VidD7AwiEj1kYxKeQTctLAezAOH5ZKRH0g2IgPn6KwB4IT8iRpvA==",
      "dev": true,
      "requires": {
        "is-callable": "^1.1.4",
        "is-date-object": "^1.0.1",
        "is-symbol": "^1.0.2"
      }
    },
    "fast-deep-equal": {
      "version": "2.0.1",
      "resolved": "https://registry.npmjs.org/fast-deep-equal/-/fast-deep-equal-2.0.1.tgz",
      "integrity": "sha1-ewUhjd+WZ79/Nwv3/bLLFf3Qqkk=",
      "dev": true
    },
    "fast-json-patch": {
      "version": "2.2.1",
      "resolved": "https://registry.npmjs.org/fast-json-patch/-/fast-json-patch-2.2.1.tgz",
      "integrity": "sha512-4j5uBaTnsYAV5ebkidvxiLUYOwjQ+JSFljeqfTxCrH9bDmlCQaOJFS84oDJ2rAXZq2yskmk3ORfoP9DCwqFNig==",
      "dev": true,
      "requires": {
        "fast-deep-equal": "^2.0.1"
      }
    },
    "fast-json-stable-stringify": {
      "version": "2.1.0",
      "resolved": "https://registry.npmjs.org/fast-json-stable-stringify/-/fast-json-stable-stringify-2.1.0.tgz",
      "integrity": "sha512-lhd/wF+Lk98HZoTCtlVraHtfh5XYijIjalXck7saUtuanSDyLMxnHhSXEDJqHxD7msR8D0uCmqlkwjCV8xvwHw==",
      "dev": true
    },
    "function-bind": {
      "version": "1.1.1",
      "resolved": "https://registry.npmjs.org/function-bind/-/function-bind-1.1.1.tgz",
      "integrity": "sha512-yIovAzMX49sF8Yl58fSCWJ5svSLuaibPxXQJFLmBObTuCr0Mf1KiPopGM9NiFjiYBCbfaa2Fh6breQ6ANVTI0A==",
      "dev": true
    },
    "has": {
      "version": "1.0.3",
      "resolved": "https://registry.npmjs.org/has/-/has-1.0.3.tgz",
      "integrity": "sha512-f2dvO0VU6Oej7RkWJGrehjbzMAjFp5/VKPp5tTpWIV4JHHZK1/BxbFRtf/siA2SWTe09caDmVtYYzWEIbBS4zw==",
      "dev": true,
      "requires": {
        "function-bind": "^1.1.1"
      }
    },
    "has-symbols": {
      "version": "1.0.1",
      "resolved": "https://registry.npmjs.org/has-symbols/-/has-symbols-1.0.1.tgz",
      "integrity": "sha512-PLcsoqu++dmEIZB+6totNFKq/7Do+Z0u4oT0zKOJNl3lYK6vGwwu2hjHs+68OEZbTjiUE9bgOABXbP/GvrS0Kg==",
      "dev": true
    },
    "ini": {
      "version": "1.3.5",
      "resolved": "https://registry.npmjs.org/ini/-/ini-1.3.5.tgz",
      "integrity": "sha512-RZY5huIKCMRWDUqZlEi72f/lmXKMvuszcMBduliQ3nnWbx9X/ZBQO7DijMEYS9EhHBb2qacRUMtC7svLwe0lcw==",
      "dev": true,
      "optional": true
    },
    "is-arguments": {
      "version": "1.0.4",
      "resolved": "https://registry.npmjs.org/is-arguments/-/is-arguments-1.0.4.tgz",
      "integrity": "sha512-xPh0Rmt8NE65sNzvyUmWgI1tz3mKq74lGA0mL8LYZcoIzKOzDh6HmrYm3d18k60nHerC8A9Km8kYu87zfSFnLA==",
      "dev": true
    },
    "is-callable": {
      "version": "1.1.5",
      "resolved": "https://registry.npmjs.org/is-callable/-/is-callable-1.1.5.tgz",
      "integrity": "sha512-ESKv5sMCJB2jnHTWZ3O5itG+O128Hsus4K4Qh1h2/cgn2vbgnLSVqfV46AeJA9D5EeeLa9w81KUXMtn34zhX+Q==",
      "dev": true
    },
    "is-date-object": {
      "version": "1.0.2",
      "resolved": "https://registry.npmjs.org/is-date-object/-/is-date-object-1.0.2.tgz",
      "integrity": "sha512-USlDT524woQ08aoZFzh3/Z6ch9Y/EWXEHQ/AaRN0SkKq4t2Jw2R2339tSXmwuVoY7LLlBCbOIlx2myP/L5zk0g==",
      "dev": true
    },
    "is-regex": {
      "version": "1.0.5",
      "resolved": "https://registry.npmjs.org/is-regex/-/is-regex-1.0.5.tgz",
      "integrity": "sha512-vlKW17SNq44owv5AQR3Cq0bQPEb8+kF3UKZ2fiZNOWtztYE5i0CzCZxFDwO58qAOWtxdBRVO/V5Qin1wjCqFYQ==",
      "dev": true,
      "requires": {
        "has": "^1.0.3"
      }
    },
    "is-symbol": {
      "version": "1.0.3",
      "resolved": "https://registry.npmjs.org/is-symbol/-/is-symbol-1.0.3.tgz",
      "integrity": "sha512-OwijhaRSgqvhm/0ZdAcXNZt9lYdKFpcRDT5ULUuYXPoT794UNOdU+gpT6Rzo7b4V2HUl/op6GqY894AZwv9faQ==",
      "dev": true,
      "requires": {
        "has-symbols": "^1.0.1"
      }
    },
    "json-merge-patch": {
      "version": "0.2.3",
      "resolved": "https://registry.npmjs.org/json-merge-patch/-/json-merge-patch-0.2.3.tgz",
      "integrity": "sha1-+ixrWvh9p3uuKWalidUuI+2B/kA=",
      "dev": true,
      "requires": {
        "deep-equal": "^1.0.0"
      }
    },
    "json-schema-traverse": {
      "version": "0.4.1",
      "resolved": "https://registry.npmjs.org/json-schema-traverse/-/json-schema-traverse-0.4.1.tgz",
      "integrity": "sha512-xbbCH5dCYU5T8LcEhhuh7HJ88HXuW3qsI3Y0zOZFKfZEHcpWiHU/Jxzk629Brsab/mMiHQti9wMP+845RPe3Vg==",
      "dev": true
    },
    "nan": {
      "version": "2.14.0",
      "resolved": "https://registry.npmjs.org/nan/-/nan-2.14.0.tgz",
      "integrity": "sha512-INOFj37C7k3AfaNTtX8RhsTw7qRy7eLET14cROi9+5HAVbbHuIWUHEauBv5qT4Av2tWasiTY1Jw6puUNqRJXQg==",
      "dev": true,
      "optional": true
    },
    "node-gyp-build": {
      "version": "4.2.1",
      "resolved": "https://registry.npmjs.org/node-gyp-build/-/node-gyp-build-4.2.1.tgz",
      "integrity": "sha512-XyCKXsqZfLqHep1hhsMncoXuUNt/cXCjg1+8CLbu69V1TKuPiOeSGbL9n+k/ByKH8UT0p4rdIX8XkTRZV0i7Sw==",
      "dev": true,
      "optional": true
    },
    "object-inspect": {
      "version": "1.7.0",
      "resolved": "https://registry.npmjs.org/object-inspect/-/object-inspect-1.7.0.tgz",
      "integrity": "sha512-a7pEHdh1xKIAgTySUGgLMx/xwDZskN1Ud6egYYN3EdRW4ZMPNEDUTF+hwy2LUC+Bl+SyLXANnwz/jyh/qutKUw==",
      "dev": true
    },
    "object-is": {
      "version": "1.0.2",
      "resolved": "https://registry.npmjs.org/object-is/-/object-is-1.0.2.tgz",
      "integrity": "sha512-Epah+btZd5wrrfjkJZq1AOB9O6OxUQto45hzFd7lXGrpHPGE0W1k+426yrZV+k6NJOzLNNW/nVsmZdIWsAqoOQ==",
      "dev": true
    },
    "object-keys": {
      "version": "1.1.1",
      "resolved": "https://registry.npmjs.org/object-keys/-/object-keys-1.1.1.tgz",
      "integrity": "sha512-NuAESUOUMrlIXOfHKzD6bpPu3tYt3xvjNdRIQ+FeT0lNb4K8WR70CaDxhuNguS2XG+GjkyMwOzsN5ZktImfhLA==",
      "dev": true
    },
    "object.assign": {
      "version": "4.1.0",
      "resolved": "https://registry.npmjs.org/object.assign/-/object.assign-4.1.0.tgz",
      "integrity": "sha512-exHJeq6kBKj58mqGyTQ9DFvrZC/eR6OwxzoM9YRoGBqrXYonaFyGiFMuc9VZrXf7DarreEwMpurG3dd+CNyW5w==",
      "dev": true,
      "requires": {
        "define-properties": "^1.1.2",
        "function-bind": "^1.1.1",
        "has-symbols": "^1.0.0",
        "object-keys": "^1.0.11"
      }
    },
    "punycode": {
      "version": "2.1.1",
      "resolved": "https://registry.npmjs.org/punycode/-/punycode-2.1.1.tgz",
      "integrity": "sha512-XRsRjdf+j5ml+y/6GKHPZbrF/8p2Yga0JPtdqTIY2Xe5ohJPD9saDJJLPvp9+NSBprVvevdXZybnj2cv8OEd0A==",
      "dev": true
    },
    "regexp.prototype.flags": {
      "version": "1.3.0",
      "resolved": "https://registry.npmjs.org/regexp.prototype.flags/-/regexp.prototype.flags-1.3.0.tgz",
      "integrity": "sha512-2+Q0C5g951OlYlJz6yu5/M33IcsESLlLfsyIaLJaG4FA2r4yP8MvVMJUUP/fVBkSpbbbZlS5gynbEWLipiiXiQ==",
      "dev": true,
      "requires": {
        "define-properties": "^1.1.3",
        "es-abstract": "^1.17.0-next.1"
      }
    },
    "safe-buffer": {
      "version": "5.2.0",
      "resolved": "https://registry.npmjs.org/safe-buffer/-/safe-buffer-5.2.0.tgz",
      "integrity": "sha512-fZEwUGbVl7kouZs1jCdMLdt95hdIv0ZeHg6L7qPeciMZhZ+/gdesW4wgTARkrFWEpspjEATAzUGPG8N2jJiwbg==",
      "dev": true
    },
    "semver": {
      "version": "5.6.0",
      "resolved": "https://registry.npmjs.org/semver/-/semver-5.6.0.tgz",
      "integrity": "sha512-RS9R6R35NYgQn++fkDWaOmqGoj4Ek9gGs+DPxNUZKuwE183xjJroKvyo1IzVFeXvUrvmALy6FWD5xrdJT25gMg==",
      "dev": true
    },
    "sodium-native": {
      "version": "2.4.6",
      "resolved": "https://registry.npmjs.org/sodium-native/-/sodium-native-2.4.6.tgz",
      "integrity": "sha512-Ro9lhTjot8M01nwKLXiqLSmjR7B8o+Wg4HmJUjEShw/q6XPlNMzjPkA1VJKaMH8SO8fJ/sggAKVwreTaFszS2Q==",
      "dev": true,
      "optional": true,
      "requires": {
        "ini": "^1.3.5",
        "nan": "^2.14.0",
        "node-gyp-build": "^4.1.0"
      }
    },
    "string.prototype.trimleft": {
      "version": "2.1.1",
      "resolved": "https://registry.npmjs.org/string.prototype.trimleft/-/string.prototype.trimleft-2.1.1.tgz",
      "integrity": "sha512-iu2AGd3PuP5Rp7x2kEZCrB2Nf41ehzh+goo8TV7z8/XDBbsvc6HQIlUl9RjkZ4oyrW1XM5UwlGl1oVEaDjg6Ag==",
      "dev": true,
      "requires": {
        "define-properties": "^1.1.3",
        "function-bind": "^1.1.1"
      }
    },
    "string.prototype.trimright": {
      "version": "2.1.1",
      "resolved": "https://registry.npmjs.org/string.prototype.trimright/-/string.prototype.trimright-2.1.1.tgz",
      "integrity": "sha512-qFvWL3/+QIgZXVmJBfpHmxLB7xsUXz6HsUmP8+5dRaC3Q7oKUv9Vo6aMCRZC1smrtyECFsIT30PqBJ1gTjAs+g==",
      "dev": true,
      "requires": {
        "define-properties": "^1.1.3",
        "function-bind": "^1.1.1"
      }
    },
    "tweetnacl": {
      "version": "1.0.1",
      "resolved": "https://registry.npmjs.org/tweetnacl/-/tweetnacl-1.0.1.tgz",
      "integrity": "sha512-kcoMoKTPYnoeS50tzoqjPY3Uv9axeuuFAZY9M/9zFnhoVvRfxz9K29IMPD7jGmt2c8SW7i3gT9WqDl2+nV7p4A==",
      "dev": true
    },
    "uri-js": {
      "version": "4.2.2",
      "resolved": "https://registry.npmjs.org/uri-js/-/uri-js-4.2.2.tgz",
      "integrity": "sha512-KY9Frmirql91X2Qgjry0Wd4Y+YTdrdZheS8TFwvkbLWf/G5KNJDCh6pKL5OZctEW4+0Baa5idK2ZQuELRwPznQ==",
      "dev": true,
      "requires": {
        "punycode": "^2.1.0"
      }
    },
    "validator": {
      "version": "10.11.0",
      "resolved": "https://registry.npmjs.org/validator/-/validator-10.11.0.tgz",
      "integrity": "sha512-X/p3UZerAIsbBfN/IwahhYaBbY68EN/UQBWHtsbXGT5bfrH/p4NQzUCG1kF/rtKaNpnJ7jAu6NGTdSNtyNIXMw==",
      "dev": true
    },
    "varuint-bitcoin": {
      "version": "1.1.0",
      "resolved": "https://registry.npmjs.org/varuint-bitcoin/-/varuint-bitcoin-1.1.0.tgz",
      "integrity": "sha512-jCEPG+COU/1Rp84neKTyDJQr478/hAfVp5xxYn09QEH0yBjbmPeMfuuQIrp+BUD83hybtYZKhr5elV3bvdV1bA==",
      "dev": true,
      "requires": {
        "safe-buffer": "^5.1.1"
      }
    }
  }
}
